
Microsoft Visual Studio Solution File, Format Version 12.00
# Visual Studio Version 16
VisualStudioVersion = 16.0.29926.136
MinimumVisualStudioVersion = 10.0.40219.1
Project("{FAE04EC0-301F-11D3-BF4B-00C04F79EFBC}") = "Projeta_Atleta", "Projeta_Atleta\Projeta_Atleta.csproj", "{43BC009C-60A4-4E12-BC7A-E274260A382B}"
EndProject
Global
	GlobalSection(SolutionConfigurationPlatforms) = preSolution
		Debug|Any CPU = Debug|Any CPU
		Release|Any CPU = Release|Any CPU
	EndGlobalSection
	GlobalSection(ProjectConfigurationPlatforms) = postSolution
		{43BC009C-60A4-4E12-BC7A-E274260A382B}.Debug|Any CPU.ActiveCfg = Debug|Any CPU
		{43BC009C-60A4-4E12-BC7A-E274260A382B}.Debug|Any CPU.Build.0 = Debug|Any CPU
		{43BC009C-60A4-4E12-BC7A-E274260A382B}.Release|Any CPU.ActiveCfg = Release|Any CPU
		{43BC009C-60A4-4E12-BC7A-E274260A382B}.Release|Any CPU.Build.0 = Release|Any CPU
	EndGlobalSection
	GlobalSection(SolutionProperties) = preSolution
		HideSolutionNode = FALSE
	EndGlobalSection
	GlobalSection(ExtensibilityGlobals) = postSolution
		SolutionGuid = {19927AFA-9652-4460-B433-CE3C2466229A}
	EndGlobalSection
EndGlobal
